
Microsoft Visual Studio Solution File, Format Version 12.00
# Visual Studio Version 16
VisualStudioVersion = 16.0.32413.511
MinimumVisualStudioVersion = 10.0.40219.1
Project("{8BC9CEB8-8B4A-11D0-8D11-00A0C91BC942}") = "HelloDirect3D12", "HelloDirect3D12.vcxproj", "{CE41A1F5-5F4C-45F5-84AB-92C9CD7E142D}"
EndProject
Global
	GlobalSection(SolutionConfigurationPlatforms) = preSolution
		Debug|x64 = Debug|x64
		Debug|x86 = Debug|x86
		Release|x64 = Release|x64
		Release|x86 = Release|x86
	EndGlobalSection
	GlobalSection(ProjectConfigurationPlatforms) = postSolution
		{CE41A1F5-5F4C-45F5-84AB-92C9CD7E142D}.Debug|x64.ActiveCfg = Debug|x64
		{CE41A1F5-5F4C-45F5-84AB-92C9CD7E142D}.Debug|x64.Build.0 = Debug|x64
		{CE41A1F5-5F4C-45F5-84AB-92C9CD7E142D}.Debug|x86.ActiveCfg = Debug|Win32
		{CE41A1F5-5F4C-45F5-84AB-92C9CD7E142D}.Debug|x86.Build.0 = Debug|Win32
		{CE41A1F5-5F4C-45F5-84AB-92C9CD7E142D}.Release|x64.ActiveCfg = Release|x64
		{CE41A1F5-5F4C-45F5-84AB-92C9CD7E142D}.Release|x64.Build.0 = Release|x64
		{CE41A1F5-5F4C-45F5-84AB-92C9CD7E142D}.Release|x86.ActiveCfg = Release|Win32
		{CE41A1F5-5F4C-45F5-84AB-92C9CD7E142D}.Release|x86.Build.0 = Release|Win32
	EndGlobalSection
	GlobalSection(SolutionProperties) = preSolution
		HideSolutionNode = FALSE
	EndGlobalSection
	GlobalSection(ExtensibilityGlobals) = postSolution
		SolutionGuid = {354F82F6-8F19-493A-83FA-E68AC9F54D2D}
	EndGlobalSection
EndGlobal
